# This file is automatically @generated by Cargo.
# It is not intended for manual editing.
version = 4

[[package]]
name = "tepsim"
version = "0.0.0"
dependencies = [
 "tepsim-control",
 "tepsim-core",
 "tepsim-scenario",
]

[[package]]
name = "tepsim-cli"
version = "0.0.0"
dependencies = [
 "tepsim",
]

[[package]]
name = "tepsim-control"
version = "0.0.0"

[[package]]
name = "tepsim-core"
version = "0.0.0"

[[package]]
name = "tepsim-oracle"
version = "0.0.0"

[[package]]
name = "tepsim-py"
version = "0.0.0"

[[package]]
name = "tepsim-scenario"
version = "0.0.0"

[[package]]
name = "tepsim-wasm"
version = "0.0.0"

[[package]]
name = "xtask"
version = "0.0.0"
